// !$*UTF8*$!
{
	archiveVersion = 1;
	classes = {
	};
	objectVersion = 55;
	objects = {

/* Begin PBXBuildFile section */
		09255B9E1148671F8743809C /* DSKit.framework in Frameworks */ = {isa = PBXBuildFile; fileRef = 2DED8D6300EAF0B20D88C12F /* DSKit.framework */; platformFilter = ios; };
		128CA55BE0618254BE8F0A6A /* RMBaseViewType.swift in Sources */ = {isa = PBXBuildFile; fileRef = BD4BE32438836D77D204B5C1 /* RMBaseViewType.swift */; };
		2333EA825745B4ECAA60E199 /* UICollectionViewLayout+Util.swift in Sources */ = {isa = PBXBuildFile; fileRef = A2EA4FF127A4AFDC9E38B484 /* UICollectionViewLayout+Util.swift */; };
		2FC23F044404C5775E3A7A48 /* Rx+Utils.swift in Sources */ = {isa = PBXBuildFile; fileRef = EFDBF6A031D7C0AC5F3F6FFE /* Rx+Utils.swift */; };
		43511F2E0A47E56AC7D58395 /* NavigationControllable.swift in Sources */ = {isa = PBXBuildFile; fileRef = 06DAC7F1D439CB4F32FBC605 /* NavigationControllable.swift */; };
		4A397DA0F914C08352BA9587 /* DIContainer.swift in Sources */ = {isa = PBXBuildFile; fileRef = 003AEB19F5B32B5C98C57EB6 /* DIContainer.swift */; };
		51A8F172C3837181735DB5DE /* DataStorage.swift in Sources */ = {isa = PBXBuildFile; fileRef = 26967E8E35E9C99937F3A797 /* DataStorage.swift */; };
		52608E075B1A0B34D17A04F4 /* UIScrollView+Util.swift in Sources */ = {isa = PBXBuildFile; fileRef = 8C36D80B95E0498B985F8F04 /* UIScrollView+Util.swift */; };
		56D9E9BB81B27479BAC30E27 /* Core.swift in Sources */ = {isa = PBXBuildFile; fileRef = 065F25FE2D4A82B35B0C83AE /* Core.swift */; };
		668D462AD1BC4A25C694C1E9 /* RMBaseView.swift in Sources */ = {isa = PBXBuildFile; fileRef = C4C772C65872F33CBE2678D2 /* RMBaseView.swift */; };
		6B078E1269C944D5E9161B7A /* UIBarButtonItem+Util.swift in Sources */ = {isa = PBXBuildFile; fileRef = 2511F77BCE86EDFFDE9AA338 /* UIBarButtonItem+Util.swift */; };
		71233A19FDC8A5EAF2D6A40D /* RMEmptyView.swift in Sources */ = {isa = PBXBuildFile; fileRef = EAAE4FA4A62E4D9902715533 /* RMEmptyView.swift */; };
		809A725769FDCE77F8A0C0FD /* Networks.framework in Frameworks */ = {isa = PBXBuildFile; fileRef = A2BD6CBFD62B69C338AD6A8F /* Networks.framework */; platformFilter = ios; };
		8622D7B6635DB690672B96C2 /* ViewModelType.swift in Sources */ = {isa = PBXBuildFile; fileRef = C1A103ED327A2C301BAD4E46 /* ViewModelType.swift */; };
		8BC072897FB0A1C3833202C5 /* UIImageView+Utils.swift in Sources */ = {isa = PBXBuildFile; fileRef = 88AACF3A34E6563858651093 /* UIImageView+Utils.swift */; };
		8C65173C74129A50F9ACEE2D /* LaunchCoordinator.swift in Sources */ = {isa = PBXBuildFile; fileRef = 3D5292118B896A88B39DB4DF /* LaunchCoordinator.swift */; };
		904D72AF52A680BF8744F9BA /* RMImageLoader.swift in Sources */ = {isa = PBXBuildFile; fileRef = 21118B5CDDF30ECFA297123E /* RMImageLoader.swift */; };
		92F764BFC30138CA5077C3E6 /* UICollectionView+Util.swift in Sources */ = {isa = PBXBuildFile; fileRef = 2B05896F6CC4DD1DC96CB111 /* UICollectionView+Util.swift */; };
		A0D700E862BD0F73FF317782 /* RMFooterLoadingCollectionReusableView.swift in Sources */ = {isa = PBXBuildFile; fileRef = 72BDAA756FF72FAF301DE06C /* RMFooterLoadingCollectionReusableView.swift */; };
		A42CC3F7650D2B319BC3EEC8 /* ViewControllable.swift in Sources */ = {isa = PBXBuildFile; fileRef = 6F1CFAB7760EB1A02EF37304 /* ViewControllable.swift */; };
		B6D57354D2F1466C70EBAC2F /* ThirdPartyLibs.framework in Frameworks */ = {isa = PBXBuildFile; fileRef = 75A84A66F0BC9A74E79EB3C6 /* ThirdPartyLibs.framework */; platformFilter = ios; };
		B833EB076803D1508832CAB5 /* AppData.swift in Sources */ = {isa = PBXBuildFile; fileRef = 47202AD067BE3ACC6EF527B5 /* AppData.swift */; };
		BAC682E3F47011F9DD01D47C /* Injected.swift in Sources */ = {isa = PBXBuildFile; fileRef = 89DA55474E3BE9BC850CAFB2 /* Injected.swift */; };
		C1C800D05D2832D6FF427050 /* LaunchViewController.swift in Sources */ = {isa = PBXBuildFile; fileRef = E49E080A8FF353311A23F6CC /* LaunchViewController.swift */; };
		C22323EE3FE9E979F0B0ED3D /* BaseBottomSheet.swift in Sources */ = {isa = PBXBuildFile; fileRef = E5E2F6D47BAA219B3446B12E /* BaseBottomSheet.swift */; };
		C5C82B3A2FA5B688A5A7AC54 /* RMLogger.swift in Sources */ = {isa = PBXBuildFile; fileRef = 91DBD5403FD29984212BD067 /* RMLogger.swift */; };
		C87EA33E69F5F03FCE666967 /* ImageRepositoryInterface.swift in Sources */ = {isa = PBXBuildFile; fileRef = FDB62F4ACE5C324D998D8AFF /* ImageRepositoryInterface.swift */; };
		D075EACCB19675B26EB12AF3 /* BaseViewController.swift in Sources */ = {isa = PBXBuildFile; fileRef = 008CA1DC4B4E03F224193741 /* BaseViewController.swift */; };
		F0E0970DFE73F00A6D82DC18 /* URLCache+ImageCache.swift in Sources */ = {isa = PBXBuildFile; fileRef = 1336DCD3A2391DCA578540BA /* URLCache+ImageCache.swift */; };
		F93C5657E0FC16BCA7B66461 /* BaseCoordinator.swift in Sources */ = {isa = PBXBuildFile; fileRef = DB71AB136C4719ECA4247109 /* BaseCoordinator.swift */; };
		FF1AE756F391BA9473A816FE /* UIView+Util.swift in Sources */ = {isa = PBXBuildFile; fileRef = 34241B95A113DE2BC4184CE7 /* UIView+Util.swift */; };
/* End PBXBuildFile section */

/* Begin PBXCopyFilesBuildPhase section */
		2A34CD9447D0001C8C98AEF5 /* Embed Frameworks */ = {
			isa = PBXCopyFilesBuildPhase;
			buildActionMask = 2147483647;
			dstPath = "";
			dstSubfolderSpec = 10;
			files = (
			);
			name = "Embed Frameworks";
			runOnlyForDeploymentPostprocessing = 0;
		};
/* End PBXCopyFilesBuildPhase section */

/* Begin PBXFileReference section */
		003AEB19F5B32B5C98C57EB6 /* DIContainer.swift */ = {isa = PBXFileReference; lastKnownFileType = sourcecode.swift; path = DIContainer.swift; sourceTree = "<group>"; };
		008CA1DC4B4E03F224193741 /* BaseViewController.swift */ = {isa = PBXFileReference; lastKnownFileType = sourcecode.swift; path = BaseViewController.swift; sourceTree = "<group>"; };
		065F25FE2D4A82B35B0C83AE /* Core.swift */ = {isa = PBXFileReference; lastKnownFileType = sourcecode.swift; path = Core.swift; sourceTree = "<group>"; };
		06DAC7F1D439CB4F32FBC605 /* NavigationControllable.swift */ = {isa = PBXFileReference; lastKnownFileType = sourcecode.swift; path = NavigationControllable.swift; sourceTree = "<group>"; };
		1336DCD3A2391DCA578540BA /* URLCache+ImageCache.swift */ = {isa = PBXFileReference; lastKnownFileType = sourcecode.swift; path = "URLCache+ImageCache.swift"; sourceTree = "<group>"; };
		21118B5CDDF30ECFA297123E /* RMImageLoader.swift */ = {isa = PBXFileReference; lastKnownFileType = sourcecode.swift; path = RMImageLoader.swift; sourceTree = "<group>"; };
		2511F77BCE86EDFFDE9AA338 /* UIBarButtonItem+Util.swift */ = {isa = PBXFileReference; lastKnownFileType = sourcecode.swift; path = "UIBarButtonItem+Util.swift"; sourceTree = "<group>"; };
		26967E8E35E9C99937F3A797 /* DataStorage.swift */ = {isa = PBXFileReference; lastKnownFileType = sourcecode.swift; path = DataStorage.swift; sourceTree = "<group>"; };
		26BDD2D3E7FED8CDE9A52F46 /* Core-Info.plist */ = {isa = PBXFileReference; lastKnownFileType = text.plist; path = "Core-Info.plist"; sourceTree = "<group>"; };
		2B05896F6CC4DD1DC96CB111 /* UICollectionView+Util.swift */ = {isa = PBXFileReference; lastKnownFileType = sourcecode.swift; path = "UICollectionView+Util.swift"; sourceTree = "<group>"; };
		2B0FA7F85F3573FB522F9478 /* Core.framework */ = {isa = PBXFileReference; explicitFileType = wrapper.framework; includeInIndex = 0; path = Core.framework; sourceTree = BUILT_PRODUCTS_DIR; };
		2DED8D6300EAF0B20D88C12F /* DSKit.framework */ = {isa = PBXFileReference; explicitFileType = wrapper.framework; includeInIndex = 0; path = DSKit.framework; sourceTree = BUILT_PRODUCTS_DIR; };
		34241B95A113DE2BC4184CE7 /* UIView+Util.swift */ = {isa = PBXFileReference; lastKnownFileType = sourcecode.swift; path = "UIView+Util.swift"; sourceTree = "<group>"; };
		3D5292118B896A88B39DB4DF /* LaunchCoordinator.swift */ = {isa = PBXFileReference; lastKnownFileType = sourcecode.swift; path = LaunchCoordinator.swift; sourceTree = "<group>"; };
		47202AD067BE3ACC6EF527B5 /* AppData.swift */ = {isa = PBXFileReference; lastKnownFileType = sourcecode.swift; path = AppData.swift; sourceTree = "<group>"; };
		6F1CFAB7760EB1A02EF37304 /* ViewControllable.swift */ = {isa = PBXFileReference; lastKnownFileType = sourcecode.swift; path = ViewControllable.swift; sourceTree = "<group>"; };
		72BDAA756FF72FAF301DE06C /* RMFooterLoadingCollectionReusableView.swift */ = {isa = PBXFileReference; lastKnownFileType = sourcecode.swift; path = RMFooterLoadingCollectionReusableView.swift; sourceTree = "<group>"; };
		75A84A66F0BC9A74E79EB3C6 /* ThirdPartyLibs.framework */ = {isa = PBXFileReference; explicitFileType = wrapper.framework; includeInIndex = 0; path = ThirdPartyLibs.framework; sourceTree = BUILT_PRODUCTS_DIR; };
		88AACF3A34E6563858651093 /* UIImageView+Utils.swift */ = {isa = PBXFileReference; lastKnownFileType = sourcecode.swift; path = "UIImageView+Utils.swift"; sourceTree = "<group>"; };
		89DA55474E3BE9BC850CAFB2 /* Injected.swift */ = {isa = PBXFileReference; lastKnownFileType = sourcecode.swift; path = Injected.swift; sourceTree = "<group>"; };
		8C36D80B95E0498B985F8F04 /* UIScrollView+Util.swift */ = {isa = PBXFileReference; lastKnownFileType = sourcecode.swift; path = "UIScrollView+Util.swift"; sourceTree = "<group>"; };
		91DBD5403FD29984212BD067 /* RMLogger.swift */ = {isa = PBXFileReference; lastKnownFileType = sourcecode.swift; path = RMLogger.swift; sourceTree = "<group>"; };
		A2BD6CBFD62B69C338AD6A8F /* Networks.framework */ = {isa = PBXFileReference; explicitFileType = wrapper.framework; includeInIndex = 0; path = Networks.framework; sourceTree = BUILT_PRODUCTS_DIR; };
		A2EA4FF127A4AFDC9E38B484 /* UICollectionViewLayout+Util.swift */ = {isa = PBXFileReference; lastKnownFileType = sourcecode.swift; path = "UICollectionViewLayout+Util.swift"; sourceTree = "<group>"; };
		BD4BE32438836D77D204B5C1 /* RMBaseViewType.swift */ = {isa = PBXFileReference; lastKnownFileType = sourcecode.swift; path = RMBaseViewType.swift; sourceTree = "<group>"; };
		C1A103ED327A2C301BAD4E46 /* ViewModelType.swift */ = {isa = PBXFileReference; lastKnownFileType = sourcecode.swift; path = ViewModelType.swift; sourceTree = "<group>"; };
		C4C772C65872F33CBE2678D2 /* RMBaseView.swift */ = {isa = PBXFileReference; lastKnownFileType = sourcecode.swift; path = RMBaseView.swift; sourceTree = "<group>"; };
		DB71AB136C4719ECA4247109 /* BaseCoordinator.swift */ = {isa = PBXFileReference; lastKnownFileType = sourcecode.swift; path = BaseCoordinator.swift; sourceTree = "<group>"; };
		E49E080A8FF353311A23F6CC /* LaunchViewController.swift */ = {isa = PBXFileReference; lastKnownFileType = sourcecode.swift; path = LaunchViewController.swift; sourceTree = "<group>"; };
		E5E2F6D47BAA219B3446B12E /* BaseBottomSheet.swift */ = {isa = PBXFileReference; lastKnownFileType = sourcecode.swift; path = BaseBottomSheet.swift; sourceTree = "<group>"; };
		EAAE4FA4A62E4D9902715533 /* RMEmptyView.swift */ = {isa = PBXFileReference; lastKnownFileType = sourcecode.swift; path = RMEmptyView.swift; sourceTree = "<group>"; };
		EFDBF6A031D7C0AC5F3F6FFE /* Rx+Utils.swift */ = {isa = PBXFileReference; lastKnownFileType = sourcecode.swift; path = "Rx+Utils.swift"; sourceTree = "<group>"; };
		FDB62F4ACE5C324D998D8AFF /* ImageRepositoryInterface.swift */ = {isa = PBXFileReference; lastKnownFileType = sourcecode.swift; path = ImageRepositoryInterface.swift; sourceTree = "<group>"; };
/* End PBXFileReference section */

/* Begin PBXFrameworksBuildPhase section */
		BF69E59B74296DB134C1F9E4 /* Frameworks */ = {
			isa = PBXFrameworksBuildPhase;
			buildActionMask = 2147483647;
			files = (
				09255B9E1148671F8743809C /* DSKit.framework in Frameworks */,
				809A725769FDCE77F8A0C0FD /* Networks.framework in Frameworks */,
				B6D57354D2F1466C70EBAC2F /* ThirdPartyLibs.framework in Frameworks */,
			);
			runOnlyForDeploymentPostprocessing = 0;
		};
/* End PBXFrameworksBuildPhase section */

/* Begin PBXGroup section */
		0EFA0936B5DCE9ECE386E576 /* Logger */ = {
			isa = PBXGroup;
			children = (
				91DBD5403FD29984212BD067 /* RMLogger.swift */,
			);
			path = Logger;
			sourceTree = "<group>";
		};
		250C62EE12DB56ECEBB473C3 /* Products */ = {
			isa = PBXGroup;
			children = (
				2B0FA7F85F3573FB522F9478 /* Core.framework */,
				2DED8D6300EAF0B20D88C12F /* DSKit.framework */,
				A2BD6CBFD62B69C338AD6A8F /* Networks.framework */,
				75A84A66F0BC9A74E79EB3C6 /* ThirdPartyLibs.framework */,
			);
			name = Products;
			sourceTree = "<group>";
		};
		4B97075397CA6D3C7DEE06A1 /* InfoPlists */ = {
			isa = PBXGroup;
			children = (
				26BDD2D3E7FED8CDE9A52F46 /* Core-Info.plist */,
			);
			path = InfoPlists;
			sourceTree = "<group>";
		};
		4E9C5CF3610019E74ED45824 /* DIContainer */ = {
			isa = PBXGroup;
			children = (
				003AEB19F5B32B5C98C57EB6 /* DIContainer.swift */,
				89DA55474E3BE9BC850CAFB2 /* Injected.swift */,
			);
			path = DIContainer;
			sourceTree = "<group>";
		};
		62824534F75515F48E8114A7 = {
			isa = PBXGroup;
			children = (
				E12816BA35F79D21E0D77318 /* Project */,
				64E34141D18153ACC8D4E5F8 /* Frameworks */,
				250C62EE12DB56ECEBB473C3 /* Products */,
			);
			sourceTree = "<group>";
		};
		64E34141D18153ACC8D4E5F8 /* Frameworks */ = {
			isa = PBXGroup;
			children = (
			);
			name = Frameworks;
			sourceTree = "<group>";
		};
		7F99DA120032CCF18CCA19AE /* Utils */ = {
			isa = PBXGroup;
			children = (
				EFDBF6A031D7C0AC5F3F6FFE /* Rx+Utils.swift */,
				2511F77BCE86EDFFDE9AA338 /* UIBarButtonItem+Util.swift */,
				2B05896F6CC4DD1DC96CB111 /* UICollectionView+Util.swift */,
				A2EA4FF127A4AFDC9E38B484 /* UICollectionViewLayout+Util.swift */,
				88AACF3A34E6563858651093 /* UIImageView+Utils.swift */,
				8C36D80B95E0498B985F8F04 /* UIScrollView+Util.swift */,
				34241B95A113DE2BC4184CE7 /* UIView+Util.swift */,
				1336DCD3A2391DCA578540BA /* URLCache+ImageCache.swift */,
			);
			path = Utils;
			sourceTree = "<group>";
		};
		81104ECEC5CD1B0F5111557B /* Sources */ = {
			isa = PBXGroup;
			children = (
				EAB0A995A0E91583A605691F /* BaseCoordinator */,
				FEF688F776FBE4C7262EE879 /* BaseType */,
				B842CB0B5E422538E90C4DDF /* BaseViewController */,
				4E9C5CF3610019E74ED45824 /* DIContainer */,
				8BC87C0E2A86E405C41301C0 /* ImageRepository */,
				0EFA0936B5DCE9ECE386E576 /* Logger */,
				84A1CFF05CE0925C73B0708B /* UIComponent */,
				7F99DA120032CCF18CCA19AE /* Utils */,
				47202AD067BE3ACC6EF527B5 /* AppData.swift */,
				065F25FE2D4A82B35B0C83AE /* Core.swift */,
				26967E8E35E9C99937F3A797 /* DataStorage.swift */,
			);
			path = Sources;
			sourceTree = "<group>";
		};
		84A1CFF05CE0925C73B0708B /* UIComponent */ = {
			isa = PBXGroup;
			children = (
				C4C772C65872F33CBE2678D2 /* RMBaseView.swift */,
				EAAE4FA4A62E4D9902715533 /* RMEmptyView.swift */,
				72BDAA756FF72FAF301DE06C /* RMFooterLoadingCollectionReusableView.swift */,
			);
			path = UIComponent;
			sourceTree = "<group>";
		};
		8BC87C0E2A86E405C41301C0 /* ImageRepository */ = {
			isa = PBXGroup;
			children = (
				FDB62F4ACE5C324D998D8AFF /* ImageRepositoryInterface.swift */,
				21118B5CDDF30ECFA297123E /* RMImageLoader.swift */,
			);
			path = ImageRepository;
			sourceTree = "<group>";
		};
		B842CB0B5E422538E90C4DDF /* BaseViewController */ = {
			isa = PBXGroup;
			children = (
				E5E2F6D47BAA219B3446B12E /* BaseBottomSheet.swift */,
				008CA1DC4B4E03F224193741 /* BaseViewController.swift */,
				E49E080A8FF353311A23F6CC /* LaunchViewController.swift */,
			);
			path = BaseViewController;
			sourceTree = "<group>";
		};
		E12816BA35F79D21E0D77318 /* Project */ = {
			isa = PBXGroup;
			children = (
				F631B3543A0C26BDC2DE72DD /* Derived */,
				81104ECEC5CD1B0F5111557B /* Sources */,
			);
			name = Project;
			sourceTree = "<group>";
		};
		EAB0A995A0E91583A605691F /* BaseCoordinator */ = {
			isa = PBXGroup;
			children = (
				DB71AB136C4719ECA4247109 /* BaseCoordinator.swift */,
				3D5292118B896A88B39DB4DF /* LaunchCoordinator.swift */,
				06DAC7F1D439CB4F32FBC605 /* NavigationControllable.swift */,
				6F1CFAB7760EB1A02EF37304 /* ViewControllable.swift */,
			);
			path = BaseCoordinator;
			sourceTree = "<group>";
		};
		F631B3543A0C26BDC2DE72DD /* Derived */ = {
			isa = PBXGroup;
			children = (
				4B97075397CA6D3C7DEE06A1 /* InfoPlists */,
			);
			path = Derived;
			sourceTree = "<group>";
		};
		FEF688F776FBE4C7262EE879 /* BaseType */ = {
			isa = PBXGroup;
			children = (
				BD4BE32438836D77D204B5C1 /* RMBaseViewType.swift */,
				C1A103ED327A2C301BAD4E46 /* ViewModelType.swift */,
			);
			path = BaseType;
			sourceTree = "<group>";
		};
/* End PBXGroup section */

/* Begin PBXNativeTarget section */
		B90FCF66245CD7327BEE2CBF /* Core */ = {
			isa = PBXNativeTarget;
			buildConfigurationList = 98830250AF7B3CEC34690D43 /* Build configuration list for PBXNativeTarget "Core" */;
			buildPhases = (
				68E9A351E4B1C8B9C155F97C /* Sources */,
				3FEE3D1A9FD48DDE5D5CDD8B /* Resources */,
				2A34CD9447D0001C8C98AEF5 /* Embed Frameworks */,
				BF69E59B74296DB134C1F9E4 /* Frameworks */,
			);
			buildRules = (
			);
			dependencies = (
			);
			name = Core;
			productName = Core;
			productReference = 2B0FA7F85F3573FB522F9478 /* Core.framework */;
			productType = "com.apple.product-type.framework";
		};
/* End PBXNativeTarget section */

/* Begin PBXProject section */
		83ADD9484DDC11E75E9F182F /* Project object */ = {
			isa = PBXProject;
			attributes = {
				BuildIndependentTargetsInParallel = YES;
				TargetAttributes = {
				};
			};
			buildConfigurationList = 4EBE82DE9849E8F47BAECD7B /* Build configuration list for PBXProject "Core" */;
			compatibilityVersion = "Xcode 13.0";
			developmentRegion = en;
			hasScannedForEncodings = 0;
			knownRegions = (
				Base,
				en,
			);
			mainGroup = 62824534F75515F48E8114A7;
			productRefGroup = 250C62EE12DB56ECEBB473C3 /* Products */;
			projectDirPath = "";
			projectRoot = "";
			targets = (
				B90FCF66245CD7327BEE2CBF /* Core */,
			);
		};
/* End PBXProject section */

/* Begin PBXResourcesBuildPhase section */
		3FEE3D1A9FD48DDE5D5CDD8B /* Resources */ = {
			isa = PBXResourcesBuildPhase;
			buildActionMask = 2147483647;
			files = (
			);
			runOnlyForDeploymentPostprocessing = 0;
		};
/* End PBXResourcesBuildPhase section */

/* Begin PBXSourcesBuildPhase section */
		68E9A351E4B1C8B9C155F97C /* Sources */ = {
			isa = PBXSourcesBuildPhase;
			buildActionMask = 2147483647;
			files = (
				B833EB076803D1508832CAB5 /* AppData.swift in Sources */,
				F93C5657E0FC16BCA7B66461 /* BaseCoordinator.swift in Sources */,
				8C65173C74129A50F9ACEE2D /* LaunchCoordinator.swift in Sources */,
				43511F2E0A47E56AC7D58395 /* NavigationControllable.swift in Sources */,
				A42CC3F7650D2B319BC3EEC8 /* ViewControllable.swift in Sources */,
				128CA55BE0618254BE8F0A6A /* RMBaseViewType.swift in Sources */,
				8622D7B6635DB690672B96C2 /* ViewModelType.swift in Sources */,
				C22323EE3FE9E979F0B0ED3D /* BaseBottomSheet.swift in Sources */,
				D075EACCB19675B26EB12AF3 /* BaseViewController.swift in Sources */,
				C1C800D05D2832D6FF427050 /* LaunchViewController.swift in Sources */,
				56D9E9BB81B27479BAC30E27 /* Core.swift in Sources */,
				4A397DA0F914C08352BA9587 /* DIContainer.swift in Sources */,
				BAC682E3F47011F9DD01D47C /* Injected.swift in Sources */,
				51A8F172C3837181735DB5DE /* DataStorage.swift in Sources */,
				C87EA33E69F5F03FCE666967 /* ImageRepositoryInterface.swift in Sources */,
				904D72AF52A680BF8744F9BA /* RMImageLoader.swift in Sources */,
				C5C82B3A2FA5B688A5A7AC54 /* RMLogger.swift in Sources */,
				668D462AD1BC4A25C694C1E9 /* RMBaseView.swift in Sources */,
				71233A19FDC8A5EAF2D6A40D /* RMEmptyView.swift in Sources */,
				A0D700E862BD0F73FF317782 /* RMFooterLoadingCollectionReusableView.swift in Sources */,
				2FC23F044404C5775E3A7A48 /* Rx+Utils.swift in Sources */,
				6B078E1269C944D5E9161B7A /* UIBarButtonItem+Util.swift in Sources */,
				92F764BFC30138CA5077C3E6 /* UICollectionView+Util.swift in Sources */,
				2333EA825745B4ECAA60E199 /* UICollectionViewLayout+Util.swift in Sources */,
				8BC072897FB0A1C3833202C5 /* UIImageView+Utils.swift in Sources */,
				52608E075B1A0B34D17A04F4 /* UIScrollView+Util.swift in Sources */,
				FF1AE756F391BA9473A816FE /* UIView+Util.swift in Sources */,
				F0E0970DFE73F00A6D82DC18 /* URLCache+ImageCache.swift in Sources */,
			);
			runOnlyForDeploymentPostprocessing = 0;
		};
/* End PBXSourcesBuildPhase section */

/* Begin XCBuildConfiguration section */
		05F3645B69532A03E3860450 /* Release */ = {
			isa = XCBuildConfiguration;
			buildSettings = {
				ALWAYS_SEARCH_USER_PATHS = NO;
				CLANG_ANALYZER_LOCALIZABILITY_NONLOCALIZED = YES;
				CLANG_ANALYZER_NONNULL = YES;
				CLANG_ANALYZER_NUMBER_OBJECT_CONVERSION = YES_AGGRESSIVE;
				CLANG_CXX_LANGUAGE_STANDARD = "gnu++14";
				CLANG_CXX_LIBRARY = "libc++";
				CLANG_ENABLE_MODULES = YES;
				CLANG_ENABLE_OBJC_ARC = YES;
				CLANG_ENABLE_OBJC_WEAK = YES;
				CLANG_WARN_BLOCK_CAPTURE_AUTORELEASING = YES;
				CLANG_WARN_BOOL_CONVERSION = YES;
				CLANG_WARN_COMMA = YES;
				CLANG_WARN_CONSTANT_CONVERSION = YES;
				CLANG_WARN_DEPRECATED_OBJC_IMPLEMENTATIONS = YES;
				CLANG_WARN_DIRECT_OBJC_ISA_USAGE = YES_ERROR;
				CLANG_WARN_DOCUMENTATION_COMMENTS = YES;
				CLANG_WARN_EMPTY_BODY = YES;
				CLANG_WARN_ENUM_CONVERSION = YES;
				CLANG_WARN_INFINITE_RECURSION = YES;
				CLANG_WARN_INT_CONVERSION = YES;
				CLANG_WARN_NON_LITERAL_NULL_CONVERSION = YES;
				CLANG_WARN_OBJC_IMPLICIT_RETAIN_SELF = YES;
				CLANG_WARN_OBJC_LITERAL_CONVERSION = YES;
				CLANG_WARN_OBJC_ROOT_CLASS = YES_ERROR;
				CLANG_WARN_QUOTED_INCLUDE_IN_FRAMEWORK_HEADER = YES;
				CLANG_WARN_RANGE_LOOP_ANALYSIS = YES;
				CLANG_WARN_STRICT_PROTOTYPES = YES;
				CLANG_WARN_SUSPICIOUS_MOVE = YES;
				CLANG_WARN_UNGUARDED_AVAILABILITY = YES_AGGRESSIVE;
				CLANG_WARN_UNREACHABLE_CODE = YES;
				CLANG_WARN__DUPLICATE_METHOD_MATCH = YES;
				COPY_PHASE_STRIP = NO;
				DEAD_CODE_STRIPPING = YES;
				DEBUG_INFORMATION_FORMAT = "dwarf-with-dsym";
				ENABLE_NS_ASSERTIONS = NO;
				ENABLE_STRICT_OBJC_MSGSEND = YES;
				GCC_C_LANGUAGE_STANDARD = gnu11;
				GCC_NO_COMMON_BLOCKS = YES;
				GCC_WARN_64_TO_32_BIT_CONVERSION = YES;
				GCC_WARN_ABOUT_RETURN_TYPE = YES_ERROR;
				GCC_WARN_UNDECLARED_SELECTOR = YES;
				GCC_WARN_UNINITIALIZED_AUTOS = YES_AGGRESSIVE;
				GCC_WARN_UNUSED_FUNCTION = YES;
				GCC_WARN_UNUSED_VARIABLE = YES;
				MTL_ENABLE_DEBUG_INFO = NO;
				PRODUCT_NAME = "$(TARGET_NAME)";
				VALIDATE_PRODUCT = YES;
			};
			name = Release;
		};
		B3E6110DD65039BABE6B7C66 /* Debug */ = {
			isa = XCBuildConfiguration;
			buildSettings = {
				ALWAYS_SEARCH_USER_PATHS = NO;
				CLANG_ANALYZER_LOCALIZABILITY_NONLOCALIZED = YES;
				CLANG_ANALYZER_NONNULL = YES;
				CLANG_ANALYZER_NUMBER_OBJECT_CONVERSION = YES_AGGRESSIVE;
				CLANG_CXX_LANGUAGE_STANDARD = "gnu++14";
				CLANG_CXX_LIBRARY = "libc++";
				CLANG_ENABLE_MODULES = YES;
				CLANG_ENABLE_OBJC_ARC = YES;
				CLANG_ENABLE_OBJC_WEAK = YES;
				CLANG_WARN_BLOCK_CAPTURE_AUTORELEASING = YES;
				CLANG_WARN_BOOL_CONVERSION = YES;
				CLANG_WARN_COMMA = YES;
				CLANG_WARN_CONSTANT_CONVERSION = YES;
				CLANG_WARN_DEPRECATED_OBJC_IMPLEMENTATIONS = YES;
				CLANG_WARN_DIRECT_OBJC_ISA_USAGE = YES_ERROR;
				CLANG_WARN_DOCUMENTATION_COMMENTS = YES;
				CLANG_WARN_EMPTY_BODY = YES;
				CLANG_WARN_ENUM_CONVERSION = YES;
				CLANG_WARN_INFINITE_RECURSION = YES;
				CLANG_WARN_INT_CONVERSION = YES;
				CLANG_WARN_NON_LITERAL_NULL_CONVERSION = YES;
				CLANG_WARN_OBJC_IMPLICIT_RETAIN_SELF = YES;
				CLANG_WARN_OBJC_LITERAL_CONVERSION = YES;
				CLANG_WARN_OBJC_ROOT_CLASS = YES_ERROR;
				CLANG_WARN_QUOTED_INCLUDE_IN_FRAMEWORK_HEADER = YES;
				CLANG_WARN_RANGE_LOOP_ANALYSIS = YES;
				CLANG_WARN_STRICT_PROTOTYPES = YES;
				CLANG_WARN_SUSPICIOUS_MOVE = YES;
				CLANG_WARN_UNGUARDED_AVAILABILITY = YES_AGGRESSIVE;
				CLANG_WARN_UNREACHABLE_CODE = YES;
				CLANG_WARN__DUPLICATE_METHOD_MATCH = YES;
				COPY_PHASE_STRIP = NO;
				DEAD_CODE_STRIPPING = YES;
				DEBUG_INFORMATION_FORMAT = dwarf;
				ENABLE_STRICT_OBJC_MSGSEND = YES;
				ENABLE_TESTABILITY = YES;
				GCC_C_LANGUAGE_STANDARD = gnu11;
				GCC_DYNAMIC_NO_PIC = NO;
				GCC_NO_COMMON_BLOCKS = YES;
				GCC_OPTIMIZATION_LEVEL = 0;
				GCC_PREPROCESSOR_DEFINITIONS = (
					"DEBUG=1",
					"$(inherited)",
				);
				GCC_WARN_64_TO_32_BIT_CONVERSION = YES;
				GCC_WARN_ABOUT_RETURN_TYPE = YES_ERROR;
				GCC_WARN_UNDECLARED_SELECTOR = YES;
				GCC_WARN_UNINITIALIZED_AUTOS = YES_AGGRESSIVE;
				GCC_WARN_UNUSED_FUNCTION = YES;
				GCC_WARN_UNUSED_VARIABLE = YES;
				MTL_ENABLE_DEBUG_INFO = YES;
				ONLY_ACTIVE_ARCH = YES;
				PRODUCT_NAME = "$(TARGET_NAME)";
			};
			name = Debug;
		};
		C6F0DD24793DC9075B33338B /* Debug */ = {
			isa = XCBuildConfiguration;
			buildSettings = {
				CODE_SIGN_IDENTITY = "";
				CURRENT_PROJECT_VERSION = 1;
				DEFINES_MODULE = YES;
				DYLIB_COMPATIBILITY_VERSION = 1;
				DYLIB_CURRENT_VERSION = 1;
				DYLIB_INSTALL_NAME_BASE = "@rpath";
				INFOPLIST_FILE = "Derived/InfoPlists/Core-Info.plist";
				INSTALL_PATH = "$(LOCAL_LIBRARY_DIR)/Frameworks";
				IPHONEOS_DEPLOYMENT_TARGET = 16.2;
				LD_RUNPATH_SEARCH_PATHS = (
					"$(inherited)",
					"@executable_path/Frameworks",
					"@loader_path/Frameworks",
				);
				PRODUCT_BUNDLE_IDENTIFIER = com.myappname.core.framework;
				PRODUCT_NAME = Core;
				SDKROOT = iphoneos;
				SKIP_INSTALL = YES;
				SUPPORTS_MACCATALYST = NO;
				SUPPORTS_MAC_DESIGNED_FOR_IPHONE_IPAD = YES;
				SWIFT_ACTIVE_COMPILATION_CONDITIONS = DEBUG;
				SWIFT_COMPILATION_MODE = singlefile;
				SWIFT_OPTIMIZATION_LEVEL = "-Onone";
				SWIFT_VERSION = 5.0;
				TARGETED_DEVICE_FAMILY = 1;
				VERSIONING_SYSTEM = "apple-generic";
				VERSION_INFO_PREFIX = "";
			};
			name = Debug;
		};
		F2BF94242B2654F7A820405E /* Release */ = {
			isa = XCBuildConfiguration;
			buildSettings = {
				CODE_SIGN_IDENTITY = "";
				CURRENT_PROJECT_VERSION = 1;
				DEFINES_MODULE = YES;
				DYLIB_COMPATIBILITY_VERSION = 1;
				DYLIB_CURRENT_VERSION = 1;
				DYLIB_INSTALL_NAME_BASE = "@rpath";
				INFOPLIST_FILE = "Derived/InfoPlists/Core-Info.plist";
				INSTALL_PATH = "$(LOCAL_LIBRARY_DIR)/Frameworks";
				IPHONEOS_DEPLOYMENT_TARGET = 16.2;
				LD_RUNPATH_SEARCH_PATHS = (
					"$(inherited)",
					"@executable_path/Frameworks",
					"@loader_path/Frameworks",
				);
				PRODUCT_BUNDLE_IDENTIFIER = com.myappname.core.framework;
				PRODUCT_NAME = Core;
				SDKROOT = iphoneos;
				SKIP_INSTALL = YES;
				SUPPORTS_MACCATALYST = NO;
				SUPPORTS_MAC_DESIGNED_FOR_IPHONE_IPAD = YES;
				SWIFT_COMPILATION_MODE = wholemodule;
				SWIFT_OPTIMIZATION_LEVEL = "-Owholemodule";
				SWIFT_VERSION = 5.0;
				TARGETED_DEVICE_FAMILY = 1;
				VERSIONING_SYSTEM = "apple-generic";
				VERSION_INFO_PREFIX = "";
			};
			name = Release;
		};
/* End XCBuildConfiguration section */

/* Begin XCConfigurationList section */
		4EBE82DE9849E8F47BAECD7B /* Build configuration list for PBXProject "Core" */ = {
			isa = XCConfigurationList;
			buildConfigurations = (
				B3E6110DD65039BABE6B7C66 /* Debug */,
				05F3645B69532A03E3860450 /* Release */,
			);
			defaultConfigurationIsVisible = 0;
			defaultConfigurationName = Release;
		};
		98830250AF7B3CEC34690D43 /* Build configuration list for PBXNativeTarget "Core" */ = {
			isa = XCConfigurationList;
			buildConfigurations = (
				C6F0DD24793DC9075B33338B /* Debug */,
				F2BF94242B2654F7A820405E /* Release */,
			);
			defaultConfigurationIsVisible = 0;
			defaultConfigurationName = Release;
		};
/* End XCConfigurationList section */
	};
	rootObject = 83ADD9484DDC11E75E9F182F /* Project object */;
}
