// !$*UTF8*$!
{
	archiveVersion = 1;
	classes = {
	};
	objectVersion = 55;
	objects = {

/* Begin PBXBuildFile section */
		18AC9CC56E6D1F8924D5FBA2 /* RegisterCoordinating.swift in Sources */ = {isa = PBXBuildFile; fileRef = B28636723C2CB5213EC4E67E /* RegisterCoordinating.swift */; };
		20763DF89CE72C88FCBB2F56 /* RegisterCoordinator.swift in Sources */ = {isa = PBXBuildFile; fileRef = C8A143BF2BD0F7C201E84143 /* RegisterCoordinator.swift */; };
		348B0C92A2AFEE981E8FC240 /* Character.framework in Dependencies */ = {isa = PBXBuildFile; fileRef = B0683A6370FE70F6F3D0DD63 /* Character.framework */; platformFilter = ios; };
		4BAA8D2FA2701648A5FE09DF /* RegisterViewController.swift in Sources */ = {isa = PBXBuildFile; fileRef = 830EFC2A2789C253F9AE94B9 /* RegisterViewController.swift */; };
		61EB7FF3791DA1F48F28904E /* MainBuilder.swift in Sources */ = {isa = PBXBuildFile; fileRef = C204403BB68E409BFA8A7A21 /* MainBuilder.swift */; };
		65086104C65B4649006B9C5F /* MainCoordinator.swift in Sources */ = {isa = PBXBuildFile; fileRef = 6A8F6094825A81727798FE1D /* MainCoordinator.swift */; };
		738DB80D6E120B3E9246B3DF /* RMMainTabBar.swift in Sources */ = {isa = PBXBuildFile; fileRef = 0BFBA0B9EBAA8B84DE1B4458 /* RMMainTabBar.swift */; };
		84B861158CA994B10EA9BAB5 /* AppRootBuilder.swift in Sources */ = {isa = PBXBuildFile; fileRef = BE96BAABED7A4A0C3CAFD0B8 /* AppRootBuilder.swift */; };
		99D273E95AED52886CD86F7D /* MainBuildable.swift in Sources */ = {isa = PBXBuildFile; fileRef = 7ED2EB090CCF618BC910A545 /* MainBuildable.swift */; };
		C380F66096ED467035951D48 /* AppCoordinator.swift in Sources */ = {isa = PBXBuildFile; fileRef = 3F4D773E772695C5E08E0260 /* AppCoordinator.swift */; };
		C5223FF7C07CDD835FBBD4F4 /* RegisterBuildable.swift in Sources */ = {isa = PBXBuildFile; fileRef = FB571F7DF73AEC646B7DC706 /* RegisterBuildable.swift */; };
		FAD9E8D371E0BB5BDC7A2E3F /* MainCoordinating.swift in Sources */ = {isa = PBXBuildFile; fileRef = FDC9189C6B38F29DD8644995 /* MainCoordinating.swift */; };
		FC9A317E8CAC4883F5103EE9 /* RegisterBuilder.swift in Sources */ = {isa = PBXBuildFile; fileRef = 431FFCC2E64ACF4BA7DEC4E0 /* RegisterBuilder.swift */; };
/* End PBXBuildFile section */

/* Begin PBXCopyFilesBuildPhase section */
		312403FC7B95DC44337909F7 /* Embed Frameworks */ = {
			isa = PBXCopyFilesBuildPhase;
			buildActionMask = 2147483647;
			dstPath = "";
			dstSubfolderSpec = 10;
			files = (
			);
			name = "Embed Frameworks";
			runOnlyForDeploymentPostprocessing = 0;
		};
		9C63322191F2E9AB1C688252 /* Dependencies */ = {
			isa = PBXCopyFilesBuildPhase;
			buildActionMask = 8;
			dstSubfolderSpec = 16;
			files = (
				348B0C92A2AFEE981E8FC240 /* Character.framework in Dependencies */,
			);
			name = Dependencies;
			runOnlyForDeploymentPostprocessing = 1;
		};
/* End PBXCopyFilesBuildPhase section */

/* Begin PBXFileReference section */
		0BFBA0B9EBAA8B84DE1B4458 /* RMMainTabBar.swift */ = {isa = PBXFileReference; lastKnownFileType = sourcecode.swift; path = RMMainTabBar.swift; sourceTree = "<group>"; };
		2075F5B15DFCA648B7BF284D /* Feature.framework */ = {isa = PBXFileReference; explicitFileType = wrapper.framework; includeInIndex = 0; path = Feature.framework; sourceTree = BUILT_PRODUCTS_DIR; };
		3F4D773E772695C5E08E0260 /* AppCoordinator.swift */ = {isa = PBXFileReference; lastKnownFileType = sourcecode.swift; path = AppCoordinator.swift; sourceTree = "<group>"; };
		431FFCC2E64ACF4BA7DEC4E0 /* RegisterBuilder.swift */ = {isa = PBXFileReference; lastKnownFileType = sourcecode.swift; path = RegisterBuilder.swift; sourceTree = "<group>"; };
		6A8F6094825A81727798FE1D /* MainCoordinator.swift */ = {isa = PBXFileReference; lastKnownFileType = sourcecode.swift; path = MainCoordinator.swift; sourceTree = "<group>"; };
		7ED2EB090CCF618BC910A545 /* MainBuildable.swift */ = {isa = PBXFileReference; lastKnownFileType = sourcecode.swift; path = MainBuildable.swift; sourceTree = "<group>"; };
		830EFC2A2789C253F9AE94B9 /* RegisterViewController.swift */ = {isa = PBXFileReference; lastKnownFileType = sourcecode.swift; path = RegisterViewController.swift; sourceTree = "<group>"; };
		B0683A6370FE70F6F3D0DD63 /* Character.framework */ = {isa = PBXFileReference; explicitFileType = wrapper.framework; includeInIndex = 0; path = Character.framework; sourceTree = BUILT_PRODUCTS_DIR; };
		B28636723C2CB5213EC4E67E /* RegisterCoordinating.swift */ = {isa = PBXFileReference; lastKnownFileType = sourcecode.swift; path = RegisterCoordinating.swift; sourceTree = "<group>"; };
		BE96BAABED7A4A0C3CAFD0B8 /* AppRootBuilder.swift */ = {isa = PBXFileReference; lastKnownFileType = sourcecode.swift; path = AppRootBuilder.swift; sourceTree = "<group>"; };
		C204403BB68E409BFA8A7A21 /* MainBuilder.swift */ = {isa = PBXFileReference; lastKnownFileType = sourcecode.swift; path = MainBuilder.swift; sourceTree = "<group>"; };
		C8A143BF2BD0F7C201E84143 /* RegisterCoordinator.swift */ = {isa = PBXFileReference; lastKnownFileType = sourcecode.swift; path = RegisterCoordinator.swift; sourceTree = "<group>"; };
		E9E7ECB3D4AB2D63818C5124 /* Feature-Info.plist */ = {isa = PBXFileReference; lastKnownFileType = text.plist; path = "Feature-Info.plist"; sourceTree = "<group>"; };
		FB571F7DF73AEC646B7DC706 /* RegisterBuildable.swift */ = {isa = PBXFileReference; lastKnownFileType = sourcecode.swift; path = RegisterBuildable.swift; sourceTree = "<group>"; };
		FDC9189C6B38F29DD8644995 /* MainCoordinating.swift */ = {isa = PBXFileReference; lastKnownFileType = sourcecode.swift; path = MainCoordinating.swift; sourceTree = "<group>"; };
/* End PBXFileReference section */

/* Begin PBXFrameworksBuildPhase section */
		214C2105D6E4E1F3EADAFF2B /* Frameworks */ = {
			isa = PBXFrameworksBuildPhase;
			buildActionMask = 2147483647;
			files = (
			);
			runOnlyForDeploymentPostprocessing = 0;
		};
/* End PBXFrameworksBuildPhase section */

/* Begin PBXGroup section */
		0EDBAEE7EC5EA2DE58DC485F /* Products */ = {
			isa = PBXGroup;
			children = (
				B0683A6370FE70F6F3D0DD63 /* Character.framework */,
				2075F5B15DFCA648B7BF284D /* Feature.framework */,
			);
			name = Products;
			sourceTree = "<group>";
		};
		130D8C34AFBD0E45C825FDAB /* Application */ = {
			isa = PBXGroup;
			children = (
				AC0C410A2335917AF7F75581 /* Coordinator */,
			);
			path = Application;
			sourceTree = "<group>";
		};
		1890BF554BD2603458470544 /* InfoPlists */ = {
			isa = PBXGroup;
			children = (
				E9E7ECB3D4AB2D63818C5124 /* Feature-Info.plist */,
			);
			path = InfoPlists;
			sourceTree = "<group>";
		};
		1EC2354B47BF7A086012A7AF /* Coordinator */ = {
			isa = PBXGroup;
			children = (
				431FFCC2E64ACF4BA7DEC4E0 /* RegisterBuilder.swift */,
				C8A143BF2BD0F7C201E84143 /* RegisterCoordinator.swift */,
			);
			path = Coordinator;
			sourceTree = "<group>";
		};
		3EB396E09EF03BBD26CADF52 /* Derived */ = {
			isa = PBXGroup;
			children = (
				1890BF554BD2603458470544 /* InfoPlists */,
			);
			path = Derived;
			sourceTree = "<group>";
		};
		4032DC1A663F7F37C9D2BD62 /* Coordinator */ = {
			isa = PBXGroup;
			children = (
				FB571F7DF73AEC646B7DC706 /* RegisterBuildable.swift */,
				B28636723C2CB5213EC4E67E /* RegisterCoordinating.swift */,
			);
			path = Coordinator;
			sourceTree = "<group>";
		};
		45A335865EA807246ACBAB03 /* Coordinator */ = {
			isa = PBXGroup;
			children = (
				C204403BB68E409BFA8A7A21 /* MainBuilder.swift */,
				6A8F6094825A81727798FE1D /* MainCoordinator.swift */,
			);
			path = Coordinator;
			sourceTree = "<group>";
		};
		5112547E5558E1F95DC3DCA3 /* Frameworks */ = {
			isa = PBXGroup;
			children = (
			);
			name = Frameworks;
			sourceTree = "<group>";
		};
		5A775C4AEEB0F6EC6A0F5716 /* Coordinator */ = {
			isa = PBXGroup;
			children = (
				7ED2EB090CCF618BC910A545 /* MainBuildable.swift */,
				FDC9189C6B38F29DD8644995 /* MainCoordinating.swift */,
			);
			path = Coordinator;
			sourceTree = "<group>";
		};
		669696F6B47F011AB1B52842 /* Register */ = {
			isa = PBXGroup;
			children = (
				1EC2354B47BF7A086012A7AF /* Coordinator */,
				830EFC2A2789C253F9AE94B9 /* RegisterViewController.swift */,
			);
			path = Register;
			sourceTree = "<group>";
		};
		8337EC24FC0AC44B4F9C89D7 /* Sources */ = {
			isa = PBXGroup;
			children = (
				130D8C34AFBD0E45C825FDAB /* Application */,
				9D581E1CA13E2CC1D47791F1 /* Interface */,
				9CBC61B108D803441486FAB3 /* Main */,
				669696F6B47F011AB1B52842 /* Register */,
			);
			path = Sources;
			sourceTree = "<group>";
		};
		846712C076B94A06135F0BD1 /* Register */ = {
			isa = PBXGroup;
			children = (
				4032DC1A663F7F37C9D2BD62 /* Coordinator */,
			);
			path = Register;
			sourceTree = "<group>";
		};
		9CBC61B108D803441486FAB3 /* Main */ = {
			isa = PBXGroup;
			children = (
				45A335865EA807246ACBAB03 /* Coordinator */,
				0BFBA0B9EBAA8B84DE1B4458 /* RMMainTabBar.swift */,
			);
			path = Main;
			sourceTree = "<group>";
		};
		9D581E1CA13E2CC1D47791F1 /* Interface */ = {
			isa = PBXGroup;
			children = (
				F035C6C161E6E3F623778A44 /* Main */,
				846712C076B94A06135F0BD1 /* Register */,
			);
			path = Interface;
			sourceTree = "<group>";
		};
		AC0C410A2335917AF7F75581 /* Coordinator */ = {
			isa = PBXGroup;
			children = (
				3F4D773E772695C5E08E0260 /* AppCoordinator.swift */,
				BE96BAABED7A4A0C3CAFD0B8 /* AppRootBuilder.swift */,
			);
			path = Coordinator;
			sourceTree = "<group>";
		};
		D45D79A80CECA1F627C7F2B2 /* Project */ = {
			isa = PBXGroup;
			children = (
				3EB396E09EF03BBD26CADF52 /* Derived */,
				8337EC24FC0AC44B4F9C89D7 /* Sources */,
			);
			name = Project;
			sourceTree = "<group>";
		};
		F035C6C161E6E3F623778A44 /* Main */ = {
			isa = PBXGroup;
			children = (
				5A775C4AEEB0F6EC6A0F5716 /* Coordinator */,
			);
			path = Main;
			sourceTree = "<group>";
		};
		F61E52ECC17C3C9987862D54 = {
			isa = PBXGroup;
			children = (
				D45D79A80CECA1F627C7F2B2 /* Project */,
				5112547E5558E1F95DC3DCA3 /* Frameworks */,
				0EDBAEE7EC5EA2DE58DC485F /* Products */,
			);
			sourceTree = "<group>";
		};
/* End PBXGroup section */

/* Begin PBXNativeTarget section */
		4E0DBE276B19EAB4690BE528 /* Feature */ = {
			isa = PBXNativeTarget;
			buildConfigurationList = 36B23F4089C955025A3A3584 /* Build configuration list for PBXNativeTarget "Feature" */;
			buildPhases = (
				F5807422FE3D0B48F9CA2349 /* Sources */,
				D18A331EC417E22E4BB893F2 /* Resources */,
				312403FC7B95DC44337909F7 /* Embed Frameworks */,
				214C2105D6E4E1F3EADAFF2B /* Frameworks */,
				9C63322191F2E9AB1C688252 /* Dependencies */,
			);
			buildRules = (
			);
			dependencies = (
			);
			name = Feature;
			productName = Feature;
			productReference = 2075F5B15DFCA648B7BF284D /* Feature.framework */;
			productType = "com.apple.product-type.framework";
		};
/* End PBXNativeTarget section */

/* Begin PBXProject section */
		019BA75CD7983C1AD577F2C8 /* Project object */ = {
			isa = PBXProject;
			attributes = {
				BuildIndependentTargetsInParallel = YES;
				TargetAttributes = {
				};
			};
			buildConfigurationList = D9EF6973B52713E5A5290987 /* Build configuration list for PBXProject "Features Layer" */;
			compatibilityVersion = "Xcode 13.0";
			developmentRegion = en;
			hasScannedForEncodings = 0;
			knownRegions = (
				Base,
				en,
			);
			mainGroup = F61E52ECC17C3C9987862D54;
			productRefGroup = 0EDBAEE7EC5EA2DE58DC485F /* Products */;
			projectDirPath = "";
			projectRoot = "";
			targets = (
				4E0DBE276B19EAB4690BE528 /* Feature */,
			);
		};
/* End PBXProject section */

/* Begin PBXResourcesBuildPhase section */
		D18A331EC417E22E4BB893F2 /* Resources */ = {
			isa = PBXResourcesBuildPhase;
			buildActionMask = 2147483647;
			files = (
			);
			runOnlyForDeploymentPostprocessing = 0;
		};
/* End PBXResourcesBuildPhase section */

/* Begin PBXSourcesBuildPhase section */
		F5807422FE3D0B48F9CA2349 /* Sources */ = {
			isa = PBXSourcesBuildPhase;
			buildActionMask = 2147483647;
			files = (
				C380F66096ED467035951D48 /* AppCoordinator.swift in Sources */,
				84B861158CA994B10EA9BAB5 /* AppRootBuilder.swift in Sources */,
				99D273E95AED52886CD86F7D /* MainBuildable.swift in Sources */,
				FAD9E8D371E0BB5BDC7A2E3F /* MainCoordinating.swift in Sources */,
				C5223FF7C07CDD835FBBD4F4 /* RegisterBuildable.swift in Sources */,
				18AC9CC56E6D1F8924D5FBA2 /* RegisterCoordinating.swift in Sources */,
				61EB7FF3791DA1F48F28904E /* MainBuilder.swift in Sources */,
				65086104C65B4649006B9C5F /* MainCoordinator.swift in Sources */,
				738DB80D6E120B3E9246B3DF /* RMMainTabBar.swift in Sources */,
				FC9A317E8CAC4883F5103EE9 /* RegisterBuilder.swift in Sources */,
				20763DF89CE72C88FCBB2F56 /* RegisterCoordinator.swift in Sources */,
				4BAA8D2FA2701648A5FE09DF /* RegisterViewController.swift in Sources */,
			);
			runOnlyForDeploymentPostprocessing = 0;
		};
/* End PBXSourcesBuildPhase section */

/* Begin XCBuildConfiguration section */
		4C272C7669FF7EA545B1E3B6 /* Release */ = {
			isa = XCBuildConfiguration;
			buildSettings = {
				CODE_SIGN_IDENTITY = "";
				CURRENT_PROJECT_VERSION = 1;
				DEFINES_MODULE = YES;
				DYLIB_COMPATIBILITY_VERSION = 1;
				DYLIB_CURRENT_VERSION = 1;
				DYLIB_INSTALL_NAME_BASE = "@rpath";
				INFOPLIST_FILE = "Derived/InfoPlists/Feature-Info.plist";
				INSTALL_PATH = "$(LOCAL_LIBRARY_DIR)/Frameworks";
				IPHONEOS_DEPLOYMENT_TARGET = 16.2;
				LD_RUNPATH_SEARCH_PATHS = (
					"$(inherited)",
					"@executable_path/Frameworks",
					"@loader_path/Frameworks",
				);
				MACH_O_TYPE = staticlib;
				PRODUCT_BUNDLE_IDENTIFIER = com.myappname.feature.framework;
				PRODUCT_NAME = Feature;
				SDKROOT = iphoneos;
				SKIP_INSTALL = YES;
				SUPPORTS_MACCATALYST = NO;
				SUPPORTS_MAC_DESIGNED_FOR_IPHONE_IPAD = YES;
				SWIFT_COMPILATION_MODE = wholemodule;
				SWIFT_OPTIMIZATION_LEVEL = "-Owholemodule";
				SWIFT_VERSION = 5.0;
				TARGETED_DEVICE_FAMILY = 1;
				VERSIONING_SYSTEM = "apple-generic";
				VERSION_INFO_PREFIX = "";
			};
			name = Release;
		};
		524F889DBB6FD7822BDB5AE4 /* Debug */ = {
			isa = XCBuildConfiguration;
			buildSettings = {
				CODE_SIGN_IDENTITY = "";
				CURRENT_PROJECT_VERSION = 1;
				DEFINES_MODULE = YES;
				DYLIB_COMPATIBILITY_VERSION = 1;
				DYLIB_CURRENT_VERSION = 1;
				DYLIB_INSTALL_NAME_BASE = "@rpath";
				INFOPLIST_FILE = "Derived/InfoPlists/Feature-Info.plist";
				INSTALL_PATH = "$(LOCAL_LIBRARY_DIR)/Frameworks";
				IPHONEOS_DEPLOYMENT_TARGET = 16.2;
				LD_RUNPATH_SEARCH_PATHS = (
					"$(inherited)",
					"@executable_path/Frameworks",
					"@loader_path/Frameworks",
				);
				MACH_O_TYPE = staticlib;
				PRODUCT_BUNDLE_IDENTIFIER = com.myappname.feature.framework;
				PRODUCT_NAME = Feature;
				SDKROOT = iphoneos;
				SKIP_INSTALL = YES;
				SUPPORTS_MACCATALYST = NO;
				SUPPORTS_MAC_DESIGNED_FOR_IPHONE_IPAD = YES;
				SWIFT_ACTIVE_COMPILATION_CONDITIONS = DEBUG;
				SWIFT_COMPILATION_MODE = singlefile;
				SWIFT_OPTIMIZATION_LEVEL = "-Onone";
				SWIFT_VERSION = 5.0;
				TARGETED_DEVICE_FAMILY = 1;
				VERSIONING_SYSTEM = "apple-generic";
				VERSION_INFO_PREFIX = "";
			};
			name = Debug;
		};
		A378EFF1B652DAC3B671B1AE /* Debug */ = {
			isa = XCBuildConfiguration;
			buildSettings = {
				ALWAYS_SEARCH_USER_PATHS = NO;
				CLANG_ANALYZER_LOCALIZABILITY_NONLOCALIZED = YES;
				CLANG_ANALYZER_NONNULL = YES;
				CLANG_ANALYZER_NUMBER_OBJECT_CONVERSION = YES_AGGRESSIVE;
				CLANG_CXX_LANGUAGE_STANDARD = "gnu++14";
				CLANG_CXX_LIBRARY = "libc++";
				CLANG_ENABLE_MODULES = YES;
				CLANG_ENABLE_OBJC_ARC = YES;
				CLANG_ENABLE_OBJC_WEAK = YES;
				CLANG_WARN_BLOCK_CAPTURE_AUTORELEASING = YES;
				CLANG_WARN_BOOL_CONVERSION = YES;
				CLANG_WARN_COMMA = YES;
				CLANG_WARN_CONSTANT_CONVERSION = YES;
				CLANG_WARN_DEPRECATED_OBJC_IMPLEMENTATIONS = YES;
				CLANG_WARN_DIRECT_OBJC_ISA_USAGE = YES_ERROR;
				CLANG_WARN_DOCUMENTATION_COMMENTS = YES;
				CLANG_WARN_EMPTY_BODY = YES;
				CLANG_WARN_ENUM_CONVERSION = YES;
				CLANG_WARN_INFINITE_RECURSION = YES;
				CLANG_WARN_INT_CONVERSION = YES;
				CLANG_WARN_NON_LITERAL_NULL_CONVERSION = YES;
				CLANG_WARN_OBJC_IMPLICIT_RETAIN_SELF = YES;
				CLANG_WARN_OBJC_LITERAL_CONVERSION = YES;
				CLANG_WARN_OBJC_ROOT_CLASS = YES_ERROR;
				CLANG_WARN_QUOTED_INCLUDE_IN_FRAMEWORK_HEADER = YES;
				CLANG_WARN_RANGE_LOOP_ANALYSIS = YES;
				CLANG_WARN_STRICT_PROTOTYPES = YES;
				CLANG_WARN_SUSPICIOUS_MOVE = YES;
				CLANG_WARN_UNGUARDED_AVAILABILITY = YES_AGGRESSIVE;
				CLANG_WARN_UNREACHABLE_CODE = YES;
				CLANG_WARN__DUPLICATE_METHOD_MATCH = YES;
				COPY_PHASE_STRIP = NO;
				DEAD_CODE_STRIPPING = YES;
				DEBUG_INFORMATION_FORMAT = dwarf;
				ENABLE_STRICT_OBJC_MSGSEND = YES;
				ENABLE_TESTABILITY = YES;
				GCC_C_LANGUAGE_STANDARD = gnu11;
				GCC_DYNAMIC_NO_PIC = NO;
				GCC_NO_COMMON_BLOCKS = YES;
				GCC_OPTIMIZATION_LEVEL = 0;
				GCC_PREPROCESSOR_DEFINITIONS = (
					"DEBUG=1",
					"$(inherited)",
				);
				GCC_WARN_64_TO_32_BIT_CONVERSION = YES;
				GCC_WARN_ABOUT_RETURN_TYPE = YES_ERROR;
				GCC_WARN_UNDECLARED_SELECTOR = YES;
				GCC_WARN_UNINITIALIZED_AUTOS = YES_AGGRESSIVE;
				GCC_WARN_UNUSED_FUNCTION = YES;
				GCC_WARN_UNUSED_VARIABLE = YES;
				MTL_ENABLE_DEBUG_INFO = YES;
				ONLY_ACTIVE_ARCH = YES;
				PRODUCT_NAME = "$(TARGET_NAME)";
			};
			name = Debug;
		};
		D663FBD6A4C0933C235E4832 /* Release */ = {
			isa = XCBuildConfiguration;
			buildSettings = {
				ALWAYS_SEARCH_USER_PATHS = NO;
				CLANG_ANALYZER_LOCALIZABILITY_NONLOCALIZED = YES;
				CLANG_ANALYZER_NONNULL = YES;
				CLANG_ANALYZER_NUMBER_OBJECT_CONVERSION = YES_AGGRESSIVE;
				CLANG_CXX_LANGUAGE_STANDARD = "gnu++14";
				CLANG_CXX_LIBRARY = "libc++";
				CLANG_ENABLE_MODULES = YES;
				CLANG_ENABLE_OBJC_ARC = YES;
				CLANG_ENABLE_OBJC_WEAK = YES;
				CLANG_WARN_BLOCK_CAPTURE_AUTORELEASING = YES;
				CLANG_WARN_BOOL_CONVERSION = YES;
				CLANG_WARN_COMMA = YES;
				CLANG_WARN_CONSTANT_CONVERSION = YES;
				CLANG_WARN_DEPRECATED_OBJC_IMPLEMENTATIONS = YES;
				CLANG_WARN_DIRECT_OBJC_ISA_USAGE = YES_ERROR;
				CLANG_WARN_DOCUMENTATION_COMMENTS = YES;
				CLANG_WARN_EMPTY_BODY = YES;
				CLANG_WARN_ENUM_CONVERSION = YES;
				CLANG_WARN_INFINITE_RECURSION = YES;
				CLANG_WARN_INT_CONVERSION = YES;
				CLANG_WARN_NON_LITERAL_NULL_CONVERSION = YES;
				CLANG_WARN_OBJC_IMPLICIT_RETAIN_SELF = YES;
				CLANG_WARN_OBJC_LITERAL_CONVERSION = YES;
				CLANG_WARN_OBJC_ROOT_CLASS = YES_ERROR;
				CLANG_WARN_QUOTED_INCLUDE_IN_FRAMEWORK_HEADER = YES;
				CLANG_WARN_RANGE_LOOP_ANALYSIS = YES;
				CLANG_WARN_STRICT_PROTOTYPES = YES;
				CLANG_WARN_SUSPICIOUS_MOVE = YES;
				CLANG_WARN_UNGUARDED_AVAILABILITY = YES_AGGRESSIVE;
				CLANG_WARN_UNREACHABLE_CODE = YES;
				CLANG_WARN__DUPLICATE_METHOD_MATCH = YES;
				COPY_PHASE_STRIP = NO;
				DEAD_CODE_STRIPPING = YES;
				DEBUG_INFORMATION_FORMAT = "dwarf-with-dsym";
				ENABLE_NS_ASSERTIONS = NO;
				ENABLE_STRICT_OBJC_MSGSEND = YES;
				GCC_C_LANGUAGE_STANDARD = gnu11;
				GCC_NO_COMMON_BLOCKS = YES;
				GCC_WARN_64_TO_32_BIT_CONVERSION = YES;
				GCC_WARN_ABOUT_RETURN_TYPE = YES_ERROR;
				GCC_WARN_UNDECLARED_SELECTOR = YES;
				GCC_WARN_UNINITIALIZED_AUTOS = YES_AGGRESSIVE;
				GCC_WARN_UNUSED_FUNCTION = YES;
				GCC_WARN_UNUSED_VARIABLE = YES;
				MTL_ENABLE_DEBUG_INFO = NO;
				PRODUCT_NAME = "$(TARGET_NAME)";
				VALIDATE_PRODUCT = YES;
			};
			name = Release;
		};
/* End XCBuildConfiguration section */

/* Begin XCConfigurationList section */
		36B23F4089C955025A3A3584 /* Build configuration list for PBXNativeTarget "Feature" */ = {
			isa = XCConfigurationList;
			buildConfigurations = (
				524F889DBB6FD7822BDB5AE4 /* Debug */,
				4C272C7669FF7EA545B1E3B6 /* Release */,
			);
			defaultConfigurationIsVisible = 0;
			defaultConfigurationName = Release;
		};
		D9EF6973B52713E5A5290987 /* Build configuration list for PBXProject "Features Layer" */ = {
			isa = XCConfigurationList;
			buildConfigurations = (
				A378EFF1B652DAC3B671B1AE /* Debug */,
				D663FBD6A4C0933C235E4832 /* Release */,
			);
			defaultConfigurationIsVisible = 0;
			defaultConfigurationName = Release;
		};
/* End XCConfigurationList section */
	};
	rootObject = 019BA75CD7983C1AD577F2C8 /* Project object */;
}
